<?xml version="1.0" encoding="UTF-8" standalone="yes" ?>
<CodeBlocks_project_file>
	<FileVersion major="1" minor="6" />
	<Project>
		<Option title="SomeSimpleAlgorithms" />
		<Option pch_mode="2" />
		<Option compiler="gcc" />
		<Build>
			<Target title="Debug">
				<Option output="bin/Debug/SomeSimpleAlgorithms" prefix_auto="1" extension_auto="1" />
				<Option object_output="obj/Debug/" />
				<Option type="1" />
				<Option compiler="gcc" />
				<Compiler>
					<Add option="-g" />
				</Compiler>
			</Target>
			<Target title="Release">
				<Option output="bin/Release/SomeSimpleAlgorithms" prefix_auto="1" extension_auto="1" />
				<Option object_output="obj/Release/" />
				<Option type="1" />
				<Option compiler="gcc" />
				<Compiler>
					<Add option="-O2" />
				</Compiler>
				<Linker>
					<Add option="-s" />
				</Linker>
			</Target>
		</Build>
		<Compiler>
			<Add option="-Wall" />
			<Add option="-fexceptions" />
		</Compiler>
		<Unit filename="Graph/Graph.h" />
		<Unit filename="Graph/GraphList.h" />
		<Unit filename="Graph/GraphMatrix.h" />
		<Unit filename="List/Element.h" />
		<Unit filename="List/MyList.h" />
		<Unit filename="List/MyPriorityQueueList.h" />
		<Unit filename="List/MyQueue.h" />
		<Unit filename="Sort/SortAlgorithm.h" />
		<Unit filename="Tree/AVLTree.h" />
		<Unit filename="Tree/BinarySearchTree.h" />
		<Unit filename="Tree/BinaryTree.h" />
		<Unit filename="Tree/Heap.h" />
		<Unit filename="main.cpp" />
		<Extensions>
			<code_completion />
			<envvars />
			<debugger />
			<lib_finder disable_auto="1" />
		</Extensions>
	</Project>
</CodeBlocks_project_file>
